
Microsoft Visual Studio Solution File, Format Version 12.00
# Visual Studio Version 17
VisualStudioVersion = 17.0.31717.71
MinimumVisualStudioVersion = 10.0.40219.1
Project("{9A19103F-16F7-4668-BE54-9A1E7A4F7556}") = "Millenium", "Millenium\Millenium.csproj", "{EC678CC4-9D33-4589-91FB-50394A3A0605}"
EndProject
Global
	GlobalSection(SolutionConfigurationPlatforms) = preSolution
		Debug|Any CPU = Debug|Any CPU
		Release|Any CPU = Release|Any CPU
	EndGlobalSection
	GlobalSection(ProjectConfigurationPlatforms) = postSolution
		{EC678CC4-9D33-4589-91FB-50394A3A0605}.Debug|Any CPU.ActiveCfg = Debug|Any CPU
		{EC678CC4-9D33-4589-91FB-50394A3A0605}.Debug|Any CPU.Build.0 = Debug|Any CPU
		{EC678CC4-9D33-4589-91FB-50394A3A0605}.Release|Any CPU.ActiveCfg = Release|Any CPU
		{EC678CC4-9D33-4589-91FB-50394A3A0605}.Release|Any CPU.Build.0 = Release|Any CPU
	EndGlobalSection
	GlobalSection(SolutionProperties) = preSolution
		HideSolutionNode = FALSE
	EndGlobalSection
	GlobalSection(ExtensibilityGlobals) = postSolution
		SolutionGuid = {FDAE6BD5-46F0-404F-A04B-2499B2E3C234}
	EndGlobalSection
EndGlobal
